[metadata]
lock_version = 1
declaration_hash_version = 1
declaration_hash = "sha256:b1a0a9b05b2a9b8cfebd330e4855cb57e37d2b203ab7d14d819cd195e9478d74"
generated_by = "ocx 0.3.6"
generated_at = "2026-06-07T14:10:25Z"

[[tool]]
name = "cli"
group = "default"
pinned = "dev.ocx.sh/ocx/cli@sha256:075ff11deda2d9929849cb253293d8674afec325a3a8a75926d72e3f0a0331a7"

[[tool]]
name = "mirror"
group = "default"
pinned = "dev.ocx.sh/ocx/mirror@sha256:76063ca2443f5eca5ce753a56712c70c1f7275115a2a2c0bd3ce25ae111e20fb"

[[tool]]
name = "uv"
group = "default"
pinned = "ocx.sh/uv@sha256:ff6fce2587d4ee1f305dc36de13f32fb21f1dd1b42e654fa540368f706ade206"
