[metadata]
lock_version = 1
declaration_hash_version = 1
declaration_hash = "sha256:478d0550e2e75d47dbc24bac673d99f6bddb9d8efb09bd04546f0b5d9db3f700"
generated_by = "ocx 0.3.6"
generated_at = "2026-07-16T13:32:06Z"

[[tool]]
name = "cli"
group = "default"
pinned = "dev.ocx.sh/ocx/cli@sha256:075ff11deda2d9929849cb253293d8674afec325a3a8a75926d72e3f0a0331a7"

[[tool]]
name = "mirror"
group = "default"
pinned = "dev.ocx.sh/ocx/mirror@sha256:46a248add79174f55626b4476ee54c301a56e7b9742c32f37c3a229b21ab2f86"

[[tool]]
name = "uv"
group = "default"
pinned = "ocx.sh/uv@sha256:98ea612d787e9eb4ea8a9478a5002df631946d9ef20d626a055fe60d654eeba6"
